// !$*UTF8*$!
{
	archiveVersion = 1;
	classes = {
	};
	objectVersion = 77;
	objects = {

/* Begin PBXBuildFile section */
		CDF34A8C2F4E16B40072C08B /* GoogleMobileAds in Frameworks */ = {isa = PBXBuildFile; productRef = CDF34A8B2F4E16B40072C08B /* GoogleMobileAds */; };
/* End PBXBuildFile section */

/* Begin PBXContainerItemProxy section */
		CDF34A472F4D5ECF0072C08B /* PBXContainerItemProxy */ = {
			isa = PBXContainerItemProxy;
			containerPortal = CDF34A312F4D5ECE0072C08B /* Project object */;
			proxyType = 1;
			remoteGlobalIDString = CDF34A382F4D5ECE0072C08B;
			remoteInfo = Connect4App;
		};
		CDF34A512F4D5ECF0072C08B /* PBXContainerItemProxy */ = {
			isa = PBXContainerItemProxy;
			containerPortal = CDF34A312F4D5ECE0072C08B /* Project object */;
			proxyType = 1;
			remoteGlobalIDString = CDF34A382F4D5ECE0072C08B;
			remoteInfo = Connect4App;
		};
/* End PBXContainerItemProxy section */

/* Begin PBXFileReference section */
		CDF34A392F4D5ECE0072C08B /* Connect4App.app */ = {isa = PBXFileReference; explicitFileType = wrapper.application; includeInIndex = 0; path = Connect4App.app; sourceTree = BUILT_PRODUCTS_DIR; };
		CDF34A462F4D5ECF0072C08B /* Connect4AppTests.xctest */ = {isa = PBXFileReference; explicitFileType = wrapper.cfbundle; includeInIndex = 0; path = Connect4AppTests.xctest; sourceTree = BUILT_PRODUCTS_DIR; };
		CDF34A502F4D5ECF0072C08B /* Connect4AppUITests.xctest */ = {isa = PBXFileReference; explicitFileType = wrapper.cfbundle; includeInIndex = 0; path = Connect4AppUITests.xctest; sourceTree = BUILT_PRODUCTS_DIR; };
/* End PBXFileReference section */

/* Begin PBXFileSystemSynchronizedBuildFileExceptionSet section */
		CDF34A892F4E15570072C08B /* Exceptions for "Connect4App" folder in "Connect4App" target */ = {
			isa = PBXFileSystemSynchronizedBuildFileExceptionSet;
			membershipExceptions = (
				Info.plist,
			);
			target = CDF34A382F4D5ECE0072C08B /* Connect4App */;
		};
/* End PBXFileSystemSynchronizedBuildFileExceptionSet section */

/* Begin PBXFileSystemSynchronizedRootGroup section */
		CDF34A3B2F4D5ECE0072C08B /* Connect4App */ = {
			isa = PBXFileSystemSynchronizedRootGroup;
			exceptions = (
				CDF34A892F4E15570072C08B /* Exceptions for "Connect4App" folder in "Connect4App" target */,
			);
			path = Connect4App;
			sourceTree = "<group>";
		};
		CDF34A492F4D5ECF0072C08B /* Connect4AppTests */ = {
			isa = PBXFileSystemSynchronizedRootGroup;
			path = Connect4AppTests;
			sourceTree = "<group>";
		};
		CDF34A532F4D5ECF0072C08B /* Connect4AppUITests */ = {
			isa = PBXFileSystemSynchronizedRootGroup;
			path = Connect4AppUITests;
			sourceTree = "<group>";
		};
/* End PBXFileSystemSynchronizedRootGroup section */

/* Begin PBXFrameworksBuildPhase section */
		CDF34A362F4D5ECE0072C08B /* Frameworks */ = {
			isa = PBXFrameworksBuildPhase;
			buildActionMask = 2147483647;
			files = (
				CDF34A8C2F4E16B40072C08B /* GoogleMobileAds in Frameworks */,
			);
			runOnlyForDeploymentPostprocessing = 0;
		};
		CDF34A432F4D5ECF0072C08B /* Frameworks */ = {
			isa = PBXFrameworksBuildPhase;
			buildActionMask = 2147483647;
			files = (
			);
			runOnlyForDeploymentPostprocessing = 0;
		};
		CDF34A4D2F4D5ECF0072C08B /* Frameworks */ = {
			isa = PBXFrameworksBuildPhase;
			buildActionMask = 2147483647;
			files = (
			);
			runOnlyForDeploymentPostprocessing = 0;
		};
/* End PBXFrameworksBuildPhase section */

/* Begin PBXGroup section */
		CDF34A302F4D5ECE0072C08B = {
			isa = PBXGroup;
			children = (
				CDF34A3B2F4D5ECE0072C08B /* Connect4App */,
				CDF34A492F4D5ECF0072C08B /* Connect4AppTests */,
				CDF34A532F4D5ECF0072C08B /* Connect4AppUITests */,
				CDF34A3A2F4D5ECE0072C08B /* Products */,
			);
			sourceTree = "<group>";
		};
		CDF34A3A2F4D5ECE0072C08B /* Products */ = {
			isa = PBXGroup;
			children = (
				CDF34A392F4D5ECE0072C08B /* Connect4App.app */,
				CDF34A462F4D5ECF0072C08B /* Connect4AppTests.xctest */,
				CDF34A502F4D5ECF0072C08B /* Connect4AppUITests.xctest */,
			);
			name = Products;
			sourceTree = "<group>";
		};
/* End PBXGroup section */

/* Begin PBXNativeTarget section */
		CDF34A382F4D5ECE0072C08B /* Connect4App */ = {
			isa = PBXNativeTarget;
			buildConfigurationList = CDF34A5A2F4D5ECF0072C08B /* Build configuration list for PBXNativeTarget "Connect4App" */;
			buildPhases = (
				CDF34A352F4D5ECE0072C08B /* Sources */,
				CDF34A362F4D5ECE0072C08B /* Frameworks */,
				CDF34A372F4D5ECE0072C08B /* Resources */,
			);
			buildRules = (
			);
			dependencies = (
			);
			fileSystemSynchronizedGroups = (
				CDF34A3B2F4D5ECE0072C08B /* Connect4App */,
			);
			name = Connect4App;
			packageProductDependencies = (
				CDF34A8B2F4E16B40072C08B /* GoogleMobileAds */,
			);
			productName = Connect4App;
			productReference = CDF34A392F4D5ECE0072C08B /* Connect4App.app */;
			productType = "com.apple.product-type.application";
		};
		CDF34A452F4D5ECF0072C08B /* Connect4AppTests */ = {
			isa = PBXNativeTarget;
			buildConfigurationList = CDF34A5D2F4D5ECF0072C08B /* Build configuration list for PBXNativeTarget "Connect4AppTests" */;
			buildPhases = (
				CDF34A422F4D5ECF0072C08B /* Sources */,
				CDF34A432F4D5ECF0072C08B /* Frameworks */,
				CDF34A442F4D5ECF0072C08B /* Resources */,
			);
			buildRules = (
			);
			dependencies = (
				CDF34A482F4D5ECF0072C08B /* PBXTargetDependency */,
			);
			fileSystemSynchronizedGroups = (
				CDF34A492F4D5ECF0072C08B /* Connect4AppTests */,
			);
			name = Connect4AppTests;
			packageProductDependencies = (
			);
			productName = Connect4AppTests;
			productReference = CDF34A462F4D5ECF0072C08B /* Connect4AppTests.xctest */;
			productType = "com.apple.product-type.bundle.unit-test";
		};
		CDF34A4F2F4D5ECF0072C08B /* Connect4AppUITests */ = {
			isa = PBXNativeTarget;
			buildConfigurationList = CDF34A602F4D5ECF0072C08B /* Build configuration list for PBXNativeTarget "Connect4AppUITests" */;
			buildPhases = (
				CDF34A4C2F4D5ECF0072C08B /* Sources */,
				CDF34A4D2F4D5ECF0072C08B /* Frameworks */,
				CDF34A4E2F4D5ECF0072C08B /* Resources */,
			);
			buildRules = (
			);
			dependencies = (
				CDF34A522F4D5ECF0072C08B /* PBXTargetDependency */,
			);
			fileSystemSynchronizedGroups = (
				CDF34A532F4D5ECF0072C08B /* Connect4AppUITests */,
			);
			name = Connect4AppUITests;
			packageProductDependencies = (
			);
			productName = Connect4AppUITests;
			productReference = CDF34A502F4D5ECF0072C08B /* Connect4AppUITests.xctest */;
			productType = "com.apple.product-type.bundle.ui-testing";
		};
/* End PBXNativeTarget section */

/* Begin PBXProject section */
		CDF34A312F4D5ECE0072C08B /* Project object */ = {
			isa = PBXProject;
			attributes = {
				BuildIndependentTargetsInParallel = 1;
				LastSwiftUpdateCheck = 2620;
				LastUpgradeCheck = 2620;
				TargetAttributes = {
					CDF34A382F4D5ECE0072C08B = {
						CreatedOnToolsVersion = 26.2;
					};
					CDF34A452F4D5ECF0072C08B = {
						CreatedOnToolsVersion = 26.2;
						TestTargetID = CDF34A382F4D5ECE0072C08B;
					};
					CDF34A4F2F4D5ECF0072C08B = {
						CreatedOnToolsVersion = 26.2;
						TestTargetID = CDF34A382F4D5ECE0072C08B;
					};
				};
			};
			buildConfigurationList = CDF34A342F4D5ECE0072C08B /* Build configuration list for PBXProject "Connect4App" */;
			developmentRegion = en;
			hasScannedForEncodings = 0;
			knownRegions = (
				en,
				Base,
			);
			mainGroup = CDF34A302F4D5ECE0072C08B;
			minimizedProjectReferenceProxies = 1;
			packageReferences = (
				CDF34A8A2F4E16B40072C08B /* XCRemoteSwiftPackageReference "swift-package-manager-google-mobile-ads" */,
			);
			preferredProjectObjectVersion = 77;
			productRefGroup = CDF34A3A2F4D5ECE0072C08B /* Products */;
			projectDirPath = "";
			projectRoot = "";
			targets = (
				CDF34A382F4D5ECE0072C08B /* Connect4App */,
				CDF34A452F4D5ECF0072C08B /* Connect4AppTests */,
				CDF34A4F2F4D5ECF0072C08B /* Connect4AppUITests */,
			);
		};
/* End PBXProject section */

/* Begin PBXResourcesBuildPhase section */
		CDF34A372F4D5ECE0072C08B /* Resources */ = {
			isa = PBXResourcesBuildPhase;
			buildActionMask = 2147483647;
			files = (
			);
			runOnlyForDeploymentPostprocessing = 0;
		};
		CDF34A442F4D5ECF0072C08B /* Resources */ = {
			isa = PBXResourcesBuildPhase;
			buildActionMask = 2147483647;
			files = (
			);
			runOnlyForDeploymentPostprocessing = 0;
		};
		CDF34A4E2F4D5ECF0072C08B /* Resources */ = {
			isa = PBXResourcesBuildPhase;
			buildActionMask = 2147483647;
			files = (
			);
			runOnlyForDeploymentPostprocessing = 0;
		};
/* End PBXResourcesBuildPhase section */

/* Begin PBXSourcesBuildPhase section */
		CDF34A352F4D5ECE0072C08B /* Sources */ = {
			isa = PBXSourcesBuildPhase;
			buildActionMask = 2147483647;
			files = (
			);
			runOnlyForDeploymentPostprocessing = 0;
		};
		CDF34A422F4D5ECF0072C08B /* Sources */ = {
			isa = PBXSourcesBuildPhase;
			buildActionMask = 2147483647;
			files = (
			);
			runOnlyForDeploymentPostprocessing = 0;
		};
		CDF34A4C2F4D5ECF0072C08B /* Sources */ = {
			isa = PBXSourcesBuildPhase;
			buildActionMask = 2147483647;
			files = (
			);
			runOnlyForDeploymentPostprocessing = 0;
		};
/* End PBXSourcesBuildPhase section */

/* Begin PBXTargetDependency section */
		CDF34A482F4D5ECF0072C08B /* PBXTargetDependency */ = {
			isa = PBXTargetDependency;
			target = CDF34A382F4D5ECE0072C08B /* Connect4App */;
			targetProxy = CDF34A472F4D5ECF0072C08B /* PBXContainerItemProxy */;
		};
		CDF34A522F4D5ECF0072C08B /* PBXTargetDependency */ = {
			isa = PBXTargetDependency;
			target = CDF34A382F4D5ECE0072C08B /* Connect4App */;
			targetProxy = CDF34A512F4D5ECF0072C08B /* PBXContainerItemProxy */;
		};
/* End PBXTargetDependency section */

/* Begin XCBuildConfiguration section */
		CDF34A582F4D5ECF0072C08B /* Debug */ = {
			isa = XCBuildConfiguration;
			buildSettings = {
				ALWAYS_SEARCH_USER_PATHS = NO;
				ASSETCATALOG_COMPILER_GENERATE_SWIFT_ASSET_SYMBOL_EXTENSIONS = YES;
				CLANG_ANALYZER_NONNULL = YES;
				CLANG_ANALYZER_NUMBER_OBJECT_CONVERSION = YES_AGGRESSIVE;
				CLANG_CXX_LANGUAGE_STANDARD = "gnu++20";
				CLANG_ENABLE_MODULES = YES;
				CLANG_ENABLE_OBJC_ARC = YES;
				CLANG_ENABLE_OBJC_WEAK = YES;
				CLANG_WARN_BLOCK_CAPTURE_AUTORELEASING = YES;
				CLANG_WARN_BOOL_CONVERSION = YES;
				CLANG_WARN_COMMA = YES;
				CLANG_WARN_CONSTANT_CONVERSION = YES;
				CLANG_WARN_DEPRECATED_OBJC_IMPLEMENTATIONS = YES;
				CLANG_WARN_DIRECT_OBJC_ISA_USAGE = YES_ERROR;
				CLANG_WARN_DOCUMENTATION_COMMENTS = YES;
				CLANG_WARN_EMPTY_BODY = YES;
				CLANG_WARN_ENUM_CONVERSION = YES;
				CLANG_WARN_INFINITE_RECURSION = YES;
				CLANG_WARN_INT_CONVERSION = YES;
				CLANG_WARN_NON_LITERAL_NULL_CONVERSION = YES;
				CLANG_WARN_OBJC_IMPLICIT_RETAIN_SELF = YES;
				CLANG_WARN_OBJC_LITERAL_CONVERSION = YES;
				CLANG_WARN_OBJC_ROOT_CLASS = YES_ERROR;
				CLANG_WARN_QUOTED_INCLUDE_IN_FRAMEWORK_HEADER = YES;
				CLANG_WARN_RANGE_LOOP_ANALYSIS = YES;
				CLANG_WARN_STRICT_PROTOTYPES = YES;
				CLANG_WARN_SUSPICIOUS_MOVE = YES;
				CLANG_WARN_UNGUARDED_AVAILABILITY = YES_AGGRESSIVE;
				CLANG_WARN_UNREACHABLE_CODE = YES;
				CLANG_WARN__DUPLICATE_METHOD_MATCH = YES;
				COPY_PHASE_STRIP = NO;
				DEBUG_INFORMATION_FORMAT = dwarf;
				DEVELOPMENT_TEAM = X8MTYN7GWX;
				ENABLE_STRICT_OBJC_MSGSEND = YES;
				ENABLE_TESTABILITY = YES;
				ENABLE_USER_SCRIPT_SANDBOXING = YES;
				GCC_C_LANGUAGE_STANDARD = gnu17;
				GCC_DYNAMIC_NO_PIC = NO;
				GCC_NO_COMMON_BLOCKS = YES;
				GCC_OPTIMIZATION_LEVEL = 0;
				GCC_PREPROCESSOR_DEFINITIONS = (
					"DEBUG=1",
					"$(inherited)",
				);
				GCC_WARN_64_TO_32_BIT_CONVERSION = YES;
				GCC_WARN_ABOUT_RETURN_TYPE = YES_ERROR;
				GCC_WARN_UNDECLARED_SELECTOR = YES;
				GCC_WARN_UNINITIALIZED_AUTOS = YES_AGGRESSIVE;
				GCC_WARN_UNUSED_FUNCTION = YES;
				GCC_WARN_UNUSED_VARIABLE = YES;
				IPHONEOS_DEPLOYMENT_TARGET = 26.2;
				LOCALIZATION_PREFERS_STRING_CATALOGS = YES;
				MTL_ENABLE_DEBUG_INFO = INCLUDE_SOURCE;
				MTL_FAST_MATH = YES;
				ONLY_ACTIVE_ARCH = YES;
				SDKROOT = iphoneos;
				SWIFT_ACTIVE_COMPILATION_CONDITIONS = "DEBUG $(inherited)";
				SWIFT_OPTIMIZATION_LEVEL = "-Onone";
			};
			name = Debug;
		};
		CDF34A592F4D5ECF0072C08B /* Release */ = {
			isa = XCBuildConfiguration;
			buildSettings = {
				ALWAYS_SEARCH_USER_PATHS = NO;
				ASSETCATALOG_COMPILER_GENERATE_SWIFT_ASSET_SYMBOL_EXTENSIONS = YES;
				CLANG_ANALYZER_NONNULL = YES;
				CLANG_ANALYZER_NUMBER_OBJECT_CONVERSION = YES_AGGRESSIVE;
				CLANG_CXX_LANGUAGE_STANDARD = "gnu++20";
				CLANG_ENABLE_MODULES = YES;
				CLANG_ENABLE_OBJC_ARC = YES;
				CLANG_ENABLE_OBJC_WEAK = YES;
				CLANG_WARN_BLOCK_CAPTURE_AUTORELEASING = YES;
				CLANG_WARN_BOOL_CONVERSION = YES;
				CLANG_WARN_COMMA = YES;
				CLANG_WARN_CONSTANT_CONVERSION = YES;
				CLANG_WARN_DEPRECATED_OBJC_IMPLEMENTATIONS = YES;
				CLANG_WARN_DIRECT_OBJC_ISA_USAGE = YES_ERROR;
				CLANG_WARN_DOCUMENTATION_COMMENTS = YES;
				CLANG_WARN_EMPTY_BODY = YES;
				CLANG_WARN_ENUM_CONVERSION = YES;
				CLANG_WARN_INFINITE_RECURSION = YES;
				CLANG_WARN_INT_CONVERSION = YES;
				CLANG_WARN_NON_LITERAL_NULL_CONVERSION = YES;
				CLANG_WARN_OBJC_IMPLICIT_RETAIN_SELF = YES;
				CLANG_WARN_OBJC_LITERAL_CONVERSION = YES;
				CLANG_WARN_OBJC_ROOT_CLASS = YES_ERROR;
				CLANG_WARN_QUOTED_INCLUDE_IN_FRAMEWORK_HEADER = YES;
				CLANG_WARN_RANGE_LOOP_ANALYSIS = YES;
				CLANG_WARN_STRICT_PROTOTYPES = YES;
				CLANG_WARN_SUSPICIOUS_MOVE = YES;
				CLANG_WARN_UNGUARDED_AVAILABILITY = YES_AGGRESSIVE;
				CLANG_WARN_UNREACHABLE_CODE = YES;
				CLANG_WARN__DUPLICATE_METHOD_MATCH = YES;
				COPY_PHASE_STRIP = NO;
				DEBUG_INFORMATION_FORMAT = "dwarf-with-dsym";
				DEVELOPMENT_TEAM = X8MTYN7GWX;
				ENABLE_NS_ASSERTIONS = NO;
				ENABLE_STRICT_OBJC_MSGSEND = YES;
				ENABLE_USER_SCRIPT_SANDBOXING = YES;
				GCC_C_LANGUAGE_STANDARD = gnu17;
				GCC_NO_COMMON_BLOCKS = YES;
				GCC_WARN_64_TO_32_BIT_CONVERSION = YES;
				GCC_WARN_ABOUT_RETURN_TYPE = YES_ERROR;
				GCC_WARN_UNDECLARED_SELECTOR = YES;
				GCC_WARN_UNINITIALIZED_AUTOS = YES_AGGRESSIVE;
				GCC_WARN_UNUSED_FUNCTION = YES;
				GCC_WARN_UNUSED_VARIABLE = YES;
				IPHONEOS_DEPLOYMENT_TARGET = 26.2;
				LOCALIZATION_PREFERS_STRING_CATALOGS = YES;
				MTL_ENABLE_DEBUG_INFO = NO;
				MTL_FAST_MATH = YES;
				SDKROOT = iphoneos;
				SWIFT_COMPILATION_MODE = wholemodule;
				VALIDATE_PRODUCT = YES;
			};
			name = Release;
		};
		CDF34A5B2F4D5ECF0072C08B /* Debug */ = {
			isa = XCBuildConfiguration;
			buildSettings = {
				ASSETCATALOG_COMPILER_APPICON_NAME = AppIcon;
				ASSETCATALOG_COMPILER_GLOBAL_ACCENT_COLOR_NAME = AccentColor;
				CODE_SIGN_STYLE = Automatic;
				CURRENT_PROJECT_VERSION = 1;
				DEVELOPMENT_TEAM = X8MTYN7GWX;
				ENABLE_PREVIEWS = YES;
				GENERATE_INFOPLIST_FILE = YES;
				INFOPLIST_FILE = Connect4App/Info.plist;
				INFOPLIST_KEY_UIApplicationSceneManifest_Generation = YES;
				INFOPLIST_KEY_UIApplicationSupportsIndirectInputEvents = YES;
				INFOPLIST_KEY_UILaunchScreen_Generation = YES;
				INFOPLIST_KEY_UISupportedInterfaceOrientations_iPad = "UIInterfaceOrientationPortrait UIInterfaceOrientationPortraitUpsideDown UIInterfaceOrientationLandscapeLeft UIInterfaceOrientationLandscapeRight";
				INFOPLIST_KEY_UISupportedInterfaceOrientations_iPhone = "UIInterfaceOrientationPortrait UIInterfaceOrientationLandscapeLeft UIInterfaceOrientationLandscapeRight";
				LD_RUNPATH_SEARCH_PATHS = (
					"$(inherited)",
					"@executable_path/Frameworks",
				);
				MARKETING_VERSION = 1.0;
				PRODUCT_BUNDLE_IDENTIFIER = b40539465905.Connect4App;
				PRODUCT_NAME = "$(TARGET_NAME)";
				STRING_CATALOG_GENERATE_SYMBOLS = YES;
				SWIFT_APPROACHABLE_CONCURRENCY = YES;
				SWIFT_DEFAULT_ACTOR_ISOLATION = MainActor;
				SWIFT_EMIT_LOC_STRINGS = YES;
				SWIFT_UPCOMING_FEATURE_MEMBER_IMPORT_VISIBILITY = YES;
				SWIFT_VERSION = 5.0;
				TARGETED_DEVICE_FAMILY = "1,2";
			};
			name = Debug;
		};
		CDF34A5C2F4D5ECF0072C08B /* Release */ = {
			isa = XCBuildConfiguration;
			buildSettings = {
				ASSETCATALOG_COMPILER_APPICON_NAME = AppIcon;
				ASSETCATALOG_COMPILER_GLOBAL_ACCENT_COLOR_NAME = AccentColor;
				CODE_SIGN_STYLE = Automatic;
				CURRENT_PROJECT_VERSION = 1;
				DEVELOPMENT_TEAM = X8MTYN7GWX;
				ENABLE_PREVIEWS = YES;
				GENERATE_INFOPLIST_FILE = YES;
				INFOPLIST_FILE = Connect4App/Info.plist;
				INFOPLIST_KEY_UIApplicationSceneManifest_Generation = YES;
				INFOPLIST_KEY_UIApplicationSupportsIndirectInputEvents = YES;
				INFOPLIST_KEY_UILaunchScreen_Generation = YES;
				INFOPLIST_KEY_UISupportedInterfaceOrientations_iPad = "UIInterfaceOrientationPortrait UIInterfaceOrientationPortraitUpsideDown UIInterfaceOrientationLandscapeLeft UIInterfaceOrientationLandscapeRight";
				INFOPLIST_KEY_UISupportedInterfaceOrientations_iPhone = "UIInterfaceOrientationPortrait UIInterfaceOrientationLandscapeLeft UIInterfaceOrientationLandscapeRight";
				LD_RUNPATH_SEARCH_PATHS = (
					"$(inherited)",
					"@executable_path/Frameworks",
				);
				MARKETING_VERSION = 1.0;
				PRODUCT_BUNDLE_IDENTIFIER = b40539465905.Connect4App;
				PRODUCT_NAME = "$(TARGET_NAME)";
				STRING_CATALOG_GENERATE_SYMBOLS = YES;
				SWIFT_APPROACHABLE_CONCURRENCY = YES;
				SWIFT_DEFAULT_ACTOR_ISOLATION = MainActor;
				SWIFT_EMIT_LOC_STRINGS = YES;
				SWIFT_UPCOMING_FEATURE_MEMBER_IMPORT_VISIBILITY = YES;
				SWIFT_VERSION = 5.0;
				TARGETED_DEVICE_FAMILY = "1,2";
			};
			name = Release;
		};
		CDF34A5E2F4D5ECF0072C08B /* Debug */ = {
			isa = XCBuildConfiguration;
			buildSettings = {
				BUNDLE_LOADER = "$(TEST_HOST)";
				CODE_SIGN_STYLE = Automatic;
				CURRENT_PROJECT_VERSION = 1;
				DEVELOPMENT_TEAM = X8MTYN7GWX;
				GENERATE_INFOPLIST_FILE = YES;
				IPHONEOS_DEPLOYMENT_TARGET = 26.2;
				MARKETING_VERSION = 1.0;
				PRODUCT_BUNDLE_IDENTIFIER = b40539465905.Connect4AppTests;
				PRODUCT_NAME = "$(TARGET_NAME)";
				STRING_CATALOG_GENERATE_SYMBOLS = NO;
				SWIFT_APPROACHABLE_CONCURRENCY = YES;
				SWIFT_EMIT_LOC_STRINGS = NO;
				SWIFT_UPCOMING_FEATURE_MEMBER_IMPORT_VISIBILITY = YES;
				SWIFT_VERSION = 5.0;
				TARGETED_DEVICE_FAMILY = "1,2";
				TEST_HOST = "$(BUILT_PRODUCTS_DIR)/Connect4App.app/$(BUNDLE_EXECUTABLE_FOLDER_PATH)/Connect4App";
			};
			name = Debug;
		};
		CDF34A5F2F4D5ECF0072C08B /* Release */ = {
			isa = XCBuildConfiguration;
			buildSettings = {
				BUNDLE_LOADER = "$(TEST_HOST)";
				CODE_SIGN_STYLE = Automatic;
				CURRENT_PROJECT_VERSION = 1;
				DEVELOPMENT_TEAM = X8MTYN7GWX;
				GENERATE_INFOPLIST_FILE = YES;
				IPHONEOS_DEPLOYMENT_TARGET = 26.2;
				MARKETING_VERSION = 1.0;
				PRODUCT_BUNDLE_IDENTIFIER = b40539465905.Connect4AppTests;
				PRODUCT_NAME = "$(TARGET_NAME)";
				STRING_CATALOG_GENERATE_SYMBOLS = NO;
				SWIFT_APPROACHABLE_CONCURRENCY = YES;
				SWIFT_EMIT_LOC_STRINGS = NO;
				SWIFT_UPCOMING_FEATURE_MEMBER_IMPORT_VISIBILITY = YES;
				SWIFT_VERSION = 5.0;
				TARGETED_DEVICE_FAMILY = "1,2";
				TEST_HOST = "$(BUILT_PRODUCTS_DIR)/Connect4App.app/$(BUNDLE_EXECUTABLE_FOLDER_PATH)/Connect4App";
			};
			name = Release;
		};
		CDF34A612F4D5ECF0072C08B /* Debug */ = {
			isa = XCBuildConfiguration;
			buildSettings = {
				CODE_SIGN_STYLE = Automatic;
				CURRENT_PROJECT_VERSION = 1;
				DEVELOPMENT_TEAM = X8MTYN7GWX;
				GENERATE_INFOPLIST_FILE = YES;
				MARKETING_VERSION = 1.0;
				PRODUCT_BUNDLE_IDENTIFIER = b40539465905.Connect4AppUITests;
				PRODUCT_NAME = "$(TARGET_NAME)";
				STRING_CATALOG_GENERATE_SYMBOLS = NO;
				SWIFT_APPROACHABLE_CONCURRENCY = YES;
				SWIFT_EMIT_LOC_STRINGS = NO;
				SWIFT_UPCOMING_FEATURE_MEMBER_IMPORT_VISIBILITY = YES;
				SWIFT_VERSION = 5.0;
				TARGETED_DEVICE_FAMILY = "1,2";
				TEST_TARGET_NAME = Connect4App;
			};
			name = Debug;
		};
		CDF34A622F4D5ECF0072C08B /* Release */ = {
			isa = XCBuildConfiguration;
			buildSettings = {
				CODE_SIGN_STYLE = Automatic;
				CURRENT_PROJECT_VERSION = 1;
				DEVELOPMENT_TEAM = X8MTYN7GWX;
				GENERATE_INFOPLIST_FILE = YES;
				MARKETING_VERSION = 1.0;
				PRODUCT_BUNDLE_IDENTIFIER = b40539465905.Connect4AppUITests;
				PRODUCT_NAME = "$(TARGET_NAME)";
				STRING_CATALOG_GENERATE_SYMBOLS = NO;
				SWIFT_APPROACHABLE_CONCURRENCY = YES;
				SWIFT_EMIT_LOC_STRINGS = NO;
				SWIFT_UPCOMING_FEATURE_MEMBER_IMPORT_VISIBILITY = YES;
				SWIFT_VERSION = 5.0;
				TARGETED_DEVICE_FAMILY = "1,2";
				TEST_TARGET_NAME = Connect4App;
			};
			name = Release;
		};
/* End XCBuildConfiguration section */

/* Begin XCConfigurationList section */
		CDF34A342F4D5ECE0072C08B /* Build configuration list for PBXProject "Connect4App" */ = {
			isa = XCConfigurationList;
			buildConfigurations = (
				CDF34A582F4D5ECF0072C08B /* Debug */,
				CDF34A592F4D5ECF0072C08B /* Release */,
			);
			defaultConfigurationIsVisible = 0;
			defaultConfigurationName = Release;
		};
		CDF34A5A2F4D5ECF0072C08B /* Build configuration list for PBXNativeTarget "Connect4App" */ = {
			isa = XCConfigurationList;
			buildConfigurations = (
				CDF34A5B2F4D5ECF0072C08B /* Debug */,
				CDF34A5C2F4D5ECF0072C08B /* Release */,
			);
			defaultConfigurationIsVisible = 0;
			defaultConfigurationName = Release;
		};
		CDF34A5D2F4D5ECF0072C08B /* Build configuration list for PBXNativeTarget "Connect4AppTests" */ = {
			isa = XCConfigurationList;
			buildConfigurations = (
				CDF34A5E2F4D5ECF0072C08B /* Debug */,
				CDF34A5F2F4D5ECF0072C08B /* Release */,
			);
			defaultConfigurationIsVisible = 0;
			defaultConfigurationName = Release;
		};
		CDF34A602F4D5ECF0072C08B /* Build configuration list for PBXNativeTarget "Connect4AppUITests" */ = {
			isa = XCConfigurationList;
			buildConfigurations = (
				CDF34A612F4D5ECF0072C08B /* Debug */,
				CDF34A622F4D5ECF0072C08B /* Release */,
			);
			defaultConfigurationIsVisible = 0;
			defaultConfigurationName = Release;
		};
/* End XCConfigurationList section */

/* Begin XCRemoteSwiftPackageReference section */
		CDF34A8A2F4E16B40072C08B /* XCRemoteSwiftPackageReference "swift-package-manager-google-mobile-ads" */ = {
			isa = XCRemoteSwiftPackageReference;
			repositoryURL = "https://github.com/googleads/swift-package-manager-google-mobile-ads.git";
			requirement = {
				kind = upToNextMajorVersion;
				minimumVersion = 13.0.0;
			};
		};
/* End XCRemoteSwiftPackageReference section */

/* Begin XCSwiftPackageProductDependency section */
		CDF34A8B2F4E16B40072C08B /* GoogleMobileAds */ = {
			isa = XCSwiftPackageProductDependency;
			package = CDF34A8A2F4E16B40072C08B /* XCRemoteSwiftPackageReference "swift-package-manager-google-mobile-ads" */;
			productName = GoogleMobileAds;
		};
/* End XCSwiftPackageProductDependency section */
	};
	rootObject = CDF34A312F4D5ECE0072C08B /* Project object */;
}
